
Microsoft Visual Studio Solution File, Format Version 12.00
# Visual Studio 15
VisualStudioVersion = 15.0.26124.0
MinimumVisualStudioVersion = 15.0.26124.0
Project("{2150E333-8FDC-42A3-9474-1A3956D46DE8}") = "src", "src", "{25715E80-C588-493C-931A-BCE30D63F517}"
EndProject
Project("{FAE04EC0-301F-11D3-BF4B-00C04F79EFBC}") = "SimpleEventSource.Core", "src\SimpleEventSource.Core\SimpleEventSource.Core.csproj", "{138D00C8-71A4-4E9D-B163-EB740922C5A8}"
EndProject
Project("{FAE04EC0-301F-11D3-BF4B-00C04F79EFBC}") = "SimpleEventSource.Core.Test", "src\SimpleEventSource.Core.Test\SimpleEventSource.Core.Test.csproj", "{3A6EC121-E50C-41AA-809D-2EF59F8695DF}"
EndProject
Global
	GlobalSection(SolutionConfigurationPlatforms) = preSolution
		Debug|Any CPU = Debug|Any CPU
		Debug|x64 = Debug|x64
		Debug|x86 = Debug|x86
		Release|Any CPU = Release|Any CPU
		Release|x64 = Release|x64
		Release|x86 = Release|x86
	EndGlobalSection
	GlobalSection(SolutionProperties) = preSolution
		HideSolutionNode = FALSE
	EndGlobalSection
	GlobalSection(ProjectConfigurationPlatforms) = postSolution
		{138D00C8-71A4-4E9D-B163-EB740922C5A8}.Debug|Any CPU.ActiveCfg = Debug|Any CPU
		{138D00C8-71A4-4E9D-B163-EB740922C5A8}.Debug|Any CPU.Build.0 = Debug|Any CPU
		{138D00C8-71A4-4E9D-B163-EB740922C5A8}.Debug|x64.ActiveCfg = Debug|Any CPU
		{138D00C8-71A4-4E9D-B163-EB740922C5A8}.Debug|x64.Build.0 = Debug|Any CPU
		{138D00C8-71A4-4E9D-B163-EB740922C5A8}.Debug|x86.ActiveCfg = Debug|Any CPU
		{138D00C8-71A4-4E9D-B163-EB740922C5A8}.Debug|x86.Build.0 = Debug|Any CPU
		{138D00C8-71A4-4E9D-B163-EB740922C5A8}.Release|Any CPU.ActiveCfg = Release|Any CPU
		{138D00C8-71A4-4E9D-B163-EB740922C5A8}.Release|Any CPU.Build.0 = Release|Any CPU
		{138D00C8-71A4-4E9D-B163-EB740922C5A8}.Release|x64.ActiveCfg = Release|Any CPU
		{138D00C8-71A4-4E9D-B163-EB740922C5A8}.Release|x64.Build.0 = Release|Any CPU
		{138D00C8-71A4-4E9D-B163-EB740922C5A8}.Release|x86.ActiveCfg = Release|Any CPU
		{138D00C8-71A4-4E9D-B163-EB740922C5A8}.Release|x86.Build.0 = Release|Any CPU
		{3A6EC121-E50C-41AA-809D-2EF59F8695DF}.Debug|Any CPU.ActiveCfg = Debug|Any CPU
		{3A6EC121-E50C-41AA-809D-2EF59F8695DF}.Debug|Any CPU.Build.0 = Debug|Any CPU
		{3A6EC121-E50C-41AA-809D-2EF59F8695DF}.Debug|x64.ActiveCfg = Debug|Any CPU
		{3A6EC121-E50C-41AA-809D-2EF59F8695DF}.Debug|x64.Build.0 = Debug|Any CPU
		{3A6EC121-E50C-41AA-809D-2EF59F8695DF}.Debug|x86.ActiveCfg = Debug|Any CPU
		{3A6EC121-E50C-41AA-809D-2EF59F8695DF}.Debug|x86.Build.0 = Debug|Any CPU
		{3A6EC121-E50C-41AA-809D-2EF59F8695DF}.Release|Any CPU.ActiveCfg = Release|Any CPU
		{3A6EC121-E50C-41AA-809D-2EF59F8695DF}.Release|Any CPU.Build.0 = Release|Any CPU
		{3A6EC121-E50C-41AA-809D-2EF59F8695DF}.Release|x64.ActiveCfg = Release|Any CPU
		{3A6EC121-E50C-41AA-809D-2EF59F8695DF}.Release|x64.Build.0 = Release|Any CPU
		{3A6EC121-E50C-41AA-809D-2EF59F8695DF}.Release|x86.ActiveCfg = Release|Any CPU
		{3A6EC121-E50C-41AA-809D-2EF59F8695DF}.Release|x86.Build.0 = Release|Any CPU
	EndGlobalSection
	GlobalSection(NestedProjects) = preSolution
		{138D00C8-71A4-4E9D-B163-EB740922C5A8} = {25715E80-C588-493C-931A-BCE30D63F517}
		{3A6EC121-E50C-41AA-809D-2EF59F8695DF} = {25715E80-C588-493C-931A-BCE30D63F517}
	EndGlobalSection
EndGlobal
